// !$*UTF8*$!
{
	archiveVersion = 1;
	classes = {
	};
	objectVersion = 51;
	objects = {

/* Begin PBXBuildFile section */
		11B1CE5E268E3C350094C326 /* NewPlaceTableController.swift in Sources */ = {isa = PBXBuildFile; fileRef = 11B1CE5D268E3C350094C326 /* NewPlaceTableController.swift */; };
		11CE68DF268AFC0D00A59DD7 /* AppDelegate.swift in Sources */ = {isa = PBXBuildFile; fileRef = 11CE68DE268AFC0D00A59DD7 /* AppDelegate.swift */; };
		11CE68E1268AFC0D00A59DD7 /* SceneDelegate.swift in Sources */ = {isa = PBXBuildFile; fileRef = 11CE68E0268AFC0D00A59DD7 /* SceneDelegate.swift */; };
		11CE68E6268AFC0D00A59DD7 /* Main.storyboard in Resources */ = {isa = PBXBuildFile; fileRef = 11CE68E4268AFC0D00A59DD7 /* Main.storyboard */; };
		11CE68E8268AFC0E00A59DD7 /* Assets.xcassets in Resources */ = {isa = PBXBuildFile; fileRef = 11CE68E7268AFC0E00A59DD7 /* Assets.xcassets */; };
		11CE68EB268AFC0E00A59DD7 /* LaunchScreen.storyboard in Resources */ = {isa = PBXBuildFile; fileRef = 11CE68E9268AFC0E00A59DD7 /* LaunchScreen.storyboard */; };
		11CE68F3268AFEF900A59DD7 /* TableViewController.swift in Sources */ = {isa = PBXBuildFile; fileRef = 11CE68F2268AFEF900A59DD7 /* TableViewController.swift */; };
		11CE68F7268B440700A59DD7 /* CustomTableViewCell.swift in Sources */ = {isa = PBXBuildFile; fileRef = 11CE68F6268B440700A59DD7 /* CustomTableViewCell.swift */; };
		11CE68F9268B762F00A59DD7 /* PlaceModel.swift in Sources */ = {isa = PBXBuildFile; fileRef = 11CE68F8268B762F00A59DD7 /* PlaceModel.swift */; };
		11E1A21C26907452002C0F01 /* StorageManager.swift in Sources */ = {isa = PBXBuildFile; fileRef = 11E1A21B26907452002C0F01 /* StorageManager.swift */; };
		8132E33537ECCD7A2AACC932 /* Pods_MyPlaces.framework in Frameworks */ = {isa = PBXBuildFile; fileRef = E9E57B4BC1E0A43151457F68 /* Pods_MyPlaces.framework */; };
/* End PBXBuildFile section */

/* Begin PBXFileReference section */
		11B1CE5D268E3C350094C326 /* NewPlaceTableController.swift */ = {isa = PBXFileReference; lastKnownFileType = sourcecode.swift; path = NewPlaceTableController.swift; sourceTree = "<group>"; };
		11CE68DB268AFC0D00A59DD7 /* MyPlaces.app */ = {isa = PBXFileReference; explicitFileType = wrapper.application; includeInIndex = 0; path = MyPlaces.app; sourceTree = BUILT_PRODUCTS_DIR; };
		11CE68DE268AFC0D00A59DD7 /* AppDelegate.swift */ = {isa = PBXFileReference; lastKnownFileType = sourcecode.swift; path = AppDelegate.swift; sourceTree = "<group>"; };
		11CE68E0268AFC0D00A59DD7 /* SceneDelegate.swift */ = {isa = PBXFileReference; lastKnownFileType = sourcecode.swift; path = SceneDelegate.swift; sourceTree = "<group>"; };
		11CE68E5268AFC0D00A59DD7 /* Base */ = {isa = PBXFileReference; lastKnownFileType = file.storyboard; name = Base; path = Base.lproj/Main.storyboard; sourceTree = "<group>"; };
		11CE68E7268AFC0E00A59DD7 /* Assets.xcassets */ = {isa = PBXFileReference; lastKnownFileType = folder.assetcatalog; path = Assets.xcassets; sourceTree = "<group>"; };
		11CE68EA268AFC0E00A59DD7 /* Base */ = {isa = PBXFileReference; lastKnownFileType = file.storyboard; name = Base; path = Base.lproj/LaunchScreen.storyboard; sourceTree = "<group>"; };
		11CE68EC268AFC0E00A59DD7 /* Info.plist */ = {isa = PBXFileReference; lastKnownFileType = text.plist.xml; path = Info.plist; sourceTree = "<group>"; };
		11CE68F2268AFEF900A59DD7 /* TableViewController.swift */ = {isa = PBXFileReference; lastKnownFileType = sourcecode.swift; path = TableViewController.swift; sourceTree = "<group>"; };
		11CE68F6268B440700A59DD7 /* CustomTableViewCell.swift */ = {isa = PBXFileReference; lastKnownFileType = sourcecode.swift; path = CustomTableViewCell.swift; sourceTree = "<group>"; };
		11CE68F8268B762F00A59DD7 /* PlaceModel.swift */ = {isa = PBXFileReference; lastKnownFileType = sourcecode.swift; path = PlaceModel.swift; sourceTree = "<group>"; };
		11E1A21B26907452002C0F01 /* StorageManager.swift */ = {isa = PBXFileReference; lastKnownFileType = sourcecode.swift; path = StorageManager.swift; sourceTree = "<group>"; };
		96835D24B9045A28A6563DCF /* Pods-MyPlaces.debug.xcconfig */ = {isa = PBXFileReference; includeInIndex = 1; lastKnownFileType = text.xcconfig; name = "Pods-MyPlaces.debug.xcconfig"; path = "Target Support Files/Pods-MyPlaces/Pods-MyPlaces.debug.xcconfig"; sourceTree = "<group>"; };
		E9E57B4BC1E0A43151457F68 /* Pods_MyPlaces.framework */ = {isa = PBXFileReference; explicitFileType = wrapper.framework; includeInIndex = 0; path = Pods_MyPlaces.framework; sourceTree = BUILT_PRODUCTS_DIR; };
		F20CBF6AF06E5E4B7D75760D /* Pods-MyPlaces.release.xcconfig */ = {isa = PBXFileReference; includeInIndex = 1; lastKnownFileType = text.xcconfig; name = "Pods-MyPlaces.release.xcconfig"; path = "Target Support Files/Pods-MyPlaces/Pods-MyPlaces.release.xcconfig"; sourceTree = "<group>"; };
/* End PBXFileReference section */

/* Begin PBXFrameworksBuildPhase section */
		11CE68D8268AFC0D00A59DD7 /* Frameworks */ = {
			isa = PBXFrameworksBuildPhase;
			buildActionMask = 2147483647;
			files = (
				8132E33537ECCD7A2AACC932 /* Pods_MyPlaces.framework in Frameworks */,
			);
			runOnlyForDeploymentPostprocessing = 0;
		};
/* End PBXFrameworksBuildPhase section */

/* Begin PBXGroup section */
		11CE68D2268AFC0D00A59DD7 = {
			isa = PBXGroup;
			children = (
				11CE68DD268AFC0D00A59DD7 /* MyPlaces */,
				11CE68DC268AFC0D00A59DD7 /* Products */,
				8170BAD4B949D67B1667B525 /* Pods */,
				17276739BD4D85EF585C1833 /* Frameworks */,
			);
			sourceTree = "<group>";
		};
		11CE68DC268AFC0D00A59DD7 /* Products */ = {
			isa = PBXGroup;
			children = (
				11CE68DB268AFC0D00A59DD7 /* MyPlaces.app */,
			);
			name = Products;
			sourceTree = "<group>";
		};
		11CE68DD268AFC0D00A59DD7 /* MyPlaces */ = {
			isa = PBXGroup;
			children = (
				11CE68DE268AFC0D00A59DD7 /* AppDelegate.swift */,
				11CE68F2268AFEF900A59DD7 /* TableViewController.swift */,
				11B1CE5D268E3C350094C326 /* NewPlaceTableController.swift */,
				11CE68F6268B440700A59DD7 /* CustomTableViewCell.swift */,
				11CE68F8268B762F00A59DD7 /* PlaceModel.swift */,
				11E1A21B26907452002C0F01 /* StorageManager.swift */,
				11CE68E0268AFC0D00A59DD7 /* SceneDelegate.swift */,
				11CE68E4268AFC0D00A59DD7 /* Main.storyboard */,
				11CE68E7268AFC0E00A59DD7 /* Assets.xcassets */,
				11CE68E9268AFC0E00A59DD7 /* LaunchScreen.storyboard */,
				11CE68EC268AFC0E00A59DD7 /* Info.plist */,
			);
			path = MyPlaces;
			sourceTree = "<group>";
		};
		17276739BD4D85EF585C1833 /* Frameworks */ = {
			isa = PBXGroup;
			children = (
				E9E57B4BC1E0A43151457F68 /* Pods_MyPlaces.framework */,
			);
			name = Frameworks;
			sourceTree = "<group>";
		};
		8170BAD4B949D67B1667B525 /* Pods */ = {
			isa = PBXGroup;
			children = (
				96835D24B9045A28A6563DCF /* Pods-MyPlaces.debug.xcconfig */,
				F20CBF6AF06E5E4B7D75760D /* Pods-MyPlaces.release.xcconfig */,
			);
			path = Pods;
			sourceTree = "<group>";
		};
/* End PBXGroup section */

/* Begin PBXNativeTarget section */
		11CE68DA268AFC0D00A59DD7 /* MyPlaces */ = {
			isa = PBXNativeTarget;
			buildConfigurationList = 11CE68EF268AFC0E00A59DD7 /* Build configuration list for PBXNativeTarget "MyPlaces" */;
			buildPhases = (
				BB588DADF10D8C4E2D309647 /* [CP] Check Pods Manifest.lock */,
				11CE68D7268AFC0D00A59DD7 /* Sources */,
				11CE68D8268AFC0D00A59DD7 /* Frameworks */,
				11CE68D9268AFC0D00A59DD7 /* Resources */,
				C8D78D5EB82627C72B200974 /* [CP] Embed Pods Frameworks */,
			);
			buildRules = (
			);
			dependencies = (
			);
			name = MyPlaces;
			productName = MyPlaces;
			productReference = 11CE68DB268AFC0D00A59DD7 /* MyPlaces.app */;
			productType = "com.apple.product-type.application";
		};
/* End PBXNativeTarget section */

/* Begin PBXProject section */
		11CE68D3268AFC0D00A59DD7 /* Project object */ = {
			isa = PBXProject;
			attributes = {
				LastSwiftUpdateCheck = 1250;
				LastUpgradeCheck = 1250;
				TargetAttributes = {
					11CE68DA268AFC0D00A59DD7 = {
						CreatedOnToolsVersion = 12.5.1;
					};
				};
			};
			buildConfigurationList = 11CE68D6268AFC0D00A59DD7 /* Build configuration list for PBXProject "MyPlaces" */;
			compatibilityVersion = "Xcode 9.3";
			developmentRegion = en;
			hasScannedForEncodings = 0;
			knownRegions = (
				en,
				Base,
			);
			mainGroup = 11CE68D2268AFC0D00A59DD7;
			productRefGroup = 11CE68DC268AFC0D00A59DD7 /* Products */;
			projectDirPath = "";
			projectRoot = "";
			targets = (
				11CE68DA268AFC0D00A59DD7 /* MyPlaces */,
			);
		};
/* End PBXProject section */

/* Begin PBXResourcesBuildPhase section */
		11CE68D9268AFC0D00A59DD7 /* Resources */ = {
			isa = PBXResourcesBuildPhase;
			buildActionMask = 2147483647;
			files = (
				11CE68EB268AFC0E00A59DD7 /* LaunchScreen.storyboard in Resources */,
				11CE68E8268AFC0E00A59DD7 /* Assets.xcassets in Resources */,
				11CE68E6268AFC0D00A59DD7 /* Main.storyboard in Resources */,
			);
			runOnlyForDeploymentPostprocessing = 0;
		};
/* End PBXResourcesBuildPhase section */

/* Begin PBXShellScriptBuildPhase section */
		BB588DADF10D8C4E2D309647 /* [CP] Check Pods Manifest.lock */ = {
			isa = PBXShellScriptBuildPhase;
			buildActionMask = 2147483647;
			files = (
			);
			inputFileListPaths = (
			);
			inputPaths = (
				"${PODS_PODFILE_DIR_PATH}/Podfile.lock",
				"${PODS_ROOT}/Manifest.lock",
			);
			name = "[CP] Check Pods Manifest.lock";
			outputFileListPaths = (
			);
			outputPaths = (
				"$(DERIVED_FILE_DIR)/Pods-MyPlaces-checkManifestLockResult.txt",
			);
			runOnlyForDeploymentPostprocessing = 0;
			shellPath = /bin/sh;
			shellScript = "diff \"${PODS_PODFILE_DIR_PATH}/Podfile.lock\" \"${PODS_ROOT}/Manifest.lock\" > /dev/null\nif [ $? != 0 ] ; then\n    # print error to STDERR\n    echo \"error: The sandbox is not in sync with the Podfile.lock. Run 'pod install' or update your CocoaPods installation.\" >&2\n    exit 1\nfi\n# This output is used by Xcode 'outputs' to avoid re-running this script phase.\necho \"SUCCESS\" > \"${SCRIPT_OUTPUT_FILE_0}\"\n";
			showEnvVarsInLog = 0;
		};
		C8D78D5EB82627C72B200974 /* [CP] Embed Pods Frameworks */ = {
			isa = PBXShellScriptBuildPhase;
			buildActionMask = 2147483647;
			files = (
			);
			inputFileListPaths = (
				"${PODS_ROOT}/Target Support Files/Pods-MyPlaces/Pods-MyPlaces-frameworks-${CONFIGURATION}-input-files.xcfilelist",
			);
			name = "[CP] Embed Pods Frameworks";
			outputFileListPaths = (
				"${PODS_ROOT}/Target Support Files/Pods-MyPlaces/Pods-MyPlaces-frameworks-${CONFIGURATION}-output-files.xcfilelist",
			);
			runOnlyForDeploymentPostprocessing = 0;
			shellPath = /bin/sh;
			shellScript = "\"${PODS_ROOT}/Target Support Files/Pods-MyPlaces/Pods-MyPlaces-frameworks.sh\"\n";
			showEnvVarsInLog = 0;
		};
/* End PBXShellScriptBuildPhase section */

/* Begin PBXSourcesBuildPhase section */
		11CE68D7268AFC0D00A59DD7 /* Sources */ = {
			isa = PBXSourcesBuildPhase;
			buildActionMask = 2147483647;
			files = (
				11CE68DF268AFC0D00A59DD7 /* AppDelegate.swift in Sources */,
				11CE68F3268AFEF900A59DD7 /* TableViewController.swift in Sources */,
				11CE68F9268B762F00A59DD7 /* PlaceModel.swift in Sources */,
				11E1A21C26907452002C0F01 /* StorageManager.swift in Sources */,
				11B1CE5E268E3C350094C326 /* NewPlaceTableController.swift in Sources */,
				11CE68F7268B440700A59DD7 /* CustomTableViewCell.swift in Sources */,
				11CE68E1268AFC0D00A59DD7 /* SceneDelegate.swift in Sources */,
			);
			runOnlyForDeploymentPostprocessing = 0;
		};
/* End PBXSourcesBuildPhase section */

/* Begin PBXVariantGroup section */
		11CE68E4268AFC0D00A59DD7 /* Main.storyboard */ = {
			isa = PBXVariantGroup;
			children = (
				11CE68E5268AFC0D00A59DD7 /* Base */,
			);
			name = Main.storyboard;
			sourceTree = "<group>";
		};
		11CE68E9268AFC0E00A59DD7 /* LaunchScreen.storyboard */ = {
			isa = PBXVariantGroup;
			children = (
				11CE68EA268AFC0E00A59DD7 /* Base */,
			);
			name = LaunchScreen.storyboard;
			sourceTree = "<group>";
		};
/* End PBXVariantGroup section */

/* Begin XCBuildConfiguration section */
		11CE68ED268AFC0E00A59DD7 /* Debug */ = {
			isa = XCBuildConfiguration;
			buildSettings = {
				ALWAYS_SEARCH_USER_PATHS = NO;
				CLANG_ANALYZER_NONNULL = YES;
				CLANG_ANALYZER_NUMBER_OBJECT_CONVERSION = YES_AGGRESSIVE;
				CLANG_CXX_LANGUAGE_STANDARD = "gnu++14";
				CLANG_CXX_LIBRARY = "libc++";
				CLANG_ENABLE_MODULES = YES;
				CLANG_ENABLE_OBJC_ARC = YES;
				CLANG_ENABLE_OBJC_WEAK = YES;
				CLANG_WARN_BLOCK_CAPTURE_AUTORELEASING = YES;
				CLANG_WARN_BOOL_CONVERSION = YES;
				CLANG_WARN_COMMA = YES;
				CLANG_WARN_CONSTANT_CONVERSION = YES;
				CLANG_WARN_DEPRECATED_OBJC_IMPLEMENTATIONS = YES;
				CLANG_WARN_DIRECT_OBJC_ISA_USAGE = YES_ERROR;
				CLANG_WARN_DOCUMENTATION_COMMENTS = YES;
				CLANG_WARN_EMPTY_BODY = YES;
				CLANG_WARN_ENUM_CONVERSION = YES;
				CLANG_WARN_INFINITE_RECURSION = YES;
				CLANG_WARN_INT_CONVERSION = YES;
				CLANG_WARN_NON_LITERAL_NULL_CONVERSION = YES;
				CLANG_WARN_OBJC_IMPLICIT_RETAIN_SELF = YES;
				CLANG_WARN_OBJC_LITERAL_CONVERSION = YES;
				CLANG_WARN_OBJC_ROOT_CLASS = YES_ERROR;
				CLANG_WARN_QUOTED_INCLUDE_IN_FRAMEWORK_HEADER = YES;
				CLANG_WARN_RANGE_LOOP_ANALYSIS = YES;
				CLANG_WARN_STRICT_PROTOTYPES = YES;
				CLANG_WARN_SUSPICIOUS_MOVE = YES;
				CLANG_WARN_UNGUARDED_AVAILABILITY = YES_AGGRESSIVE;
				CLANG_WARN_UNREACHABLE_CODE = YES;
				CLANG_WARN__DUPLICATE_METHOD_MATCH = YES;
				COPY_PHASE_STRIP = NO;
				DEBUG_INFORMATION_FORMAT = dwarf;
				ENABLE_STRICT_OBJC_MSGSEND = YES;
				ENABLE_TESTABILITY = YES;
				GCC_C_LANGUAGE_STANDARD = gnu11;
				GCC_DYNAMIC_NO_PIC = NO;
				GCC_NO_COMMON_BLOCKS = YES;
				GCC_OPTIMIZATION_LEVEL = 0;
				GCC_PREPROCESSOR_DEFINITIONS = (
					"DEBUG=1",
					"$(inherited)",
				);
				GCC_WARN_64_TO_32_BIT_CONVERSION = YES;
				GCC_WARN_ABOUT_RETURN_TYPE = YES_ERROR;
				GCC_WARN_UNDECLARED_SELECTOR = YES;
				GCC_WARN_UNINITIALIZED_AUTOS = YES_AGGRESSIVE;
				GCC_WARN_UNUSED_FUNCTION = YES;
				GCC_WARN_UNUSED_VARIABLE = YES;
				IPHONEOS_DEPLOYMENT_TARGET = 14.5;
				MTL_ENABLE_DEBUG_INFO = INCLUDE_SOURCE;
				MTL_FAST_MATH = YES;
				ONLY_ACTIVE_ARCH = YES;
				SDKROOT = iphoneos;
				SWIFT_ACTIVE_COMPILATION_CONDITIONS = DEBUG;
				SWIFT_OPTIMIZATION_LEVEL = "-Onone";
			};
			name = Debug;
		};
		11CE68EE268AFC0E00A59DD7 /* Release */ = {
			isa = XCBuildConfiguration;
			buildSettings = {
				ALWAYS_SEARCH_USER_PATHS = NO;
				CLANG_ANALYZER_NONNULL = YES;
				CLANG_ANALYZER_NUMBER_OBJECT_CONVERSION = YES_AGGRESSIVE;
				CLANG_CXX_LANGUAGE_STANDARD = "gnu++14";
				CLANG_CXX_LIBRARY = "libc++";
				CLANG_ENABLE_MODULES = YES;
				CLANG_ENABLE_OBJC_ARC = YES;
				CLANG_ENABLE_OBJC_WEAK = YES;
				CLANG_WARN_BLOCK_CAPTURE_AUTORELEASING = YES;
				CLANG_WARN_BOOL_CONVERSION = YES;
				CLANG_WARN_COMMA = YES;
				CLANG_WARN_CONSTANT_CONVERSION = YES;
				CLANG_WARN_DEPRECATED_OBJC_IMPLEMENTATIONS = YES;
				CLANG_WARN_DIRECT_OBJC_ISA_USAGE = YES_ERROR;
				CLANG_WARN_DOCUMENTATION_COMMENTS = YES;
				CLANG_WARN_EMPTY_BODY = YES;
				CLANG_WARN_ENUM_CONVERSION = YES;
				CLANG_WARN_INFINITE_RECURSION = YES;
				CLANG_WARN_INT_CONVERSION = YES;
				CLANG_WARN_NON_LITERAL_NULL_CONVERSION = YES;
				CLANG_WARN_OBJC_IMPLICIT_RETAIN_SELF = YES;
				CLANG_WARN_OBJC_LITERAL_CONVERSION = YES;
				CLANG_WARN_OBJC_ROOT_CLASS = YES_ERROR;
				CLANG_WARN_QUOTED_INCLUDE_IN_FRAMEWORK_HEADER = YES;
				CLANG_WARN_RANGE_LOOP_ANALYSIS = YES;
				CLANG_WARN_STRICT_PROTOTYPES = YES;
				CLANG_WARN_SUSPICIOUS_MOVE = YES;
				CLANG_WARN_UNGUARDED_AVAILABILITY = YES_AGGRESSIVE;
				CLANG_WARN_UNREACHABLE_CODE = YES;
				CLANG_WARN__DUPLICATE_METHOD_MATCH = YES;
				COPY_PHASE_STRIP = NO;
				DEBUG_INFORMATION_FORMAT = "dwarf-with-dsym";
				ENABLE_NS_ASSERTIONS = NO;
				ENABLE_STRICT_OBJC_MSGSEND = YES;
				GCC_C_LANGUAGE_STANDARD = gnu11;
				GCC_NO_COMMON_BLOCKS = YES;
				GCC_WARN_64_TO_32_BIT_CONVERSION = YES;
				GCC_WARN_ABOUT_RETURN_TYPE = YES_ERROR;
				GCC_WARN_UNDECLARED_SELECTOR = YES;
				GCC_WARN_UNINITIALIZED_AUTOS = YES_AGGRESSIVE;
				GCC_WARN_UNUSED_FUNCTION = YES;
				GCC_WARN_UNUSED_VARIABLE = YES;
				IPHONEOS_DEPLOYMENT_TARGET = 14.5;
				MTL_ENABLE_DEBUG_INFO = NO;
				MTL_FAST_MATH = YES;
				SDKROOT = iphoneos;
				SWIFT_COMPILATION_MODE = wholemodule;
				SWIFT_OPTIMIZATION_LEVEL = "-O";
				VALIDATE_PRODUCT = YES;
			};
			name = Release;
		};
		11CE68F0268AFC0E00A59DD7 /* Debug */ = {
			isa = XCBuildConfiguration;
			baseConfigurationReference = 96835D24B9045A28A6563DCF /* Pods-MyPlaces.debug.xcconfig */;
			buildSettings = {
				ASSETCATALOG_COMPILER_APPICON_NAME = AppIcon;
				ASSETCATALOG_COMPILER_GLOBAL_ACCENT_COLOR_NAME = AccentColor;
				CODE_SIGN_STYLE = Automatic;
				DEVELOPMENT_TEAM = Z987B24FTD;
				INFOPLIST_FILE = MyPlaces/Info.plist;
				LD_RUNPATH_SEARCH_PATHS = (
					"$(inherited)",
					"@executable_path/Frameworks",
				);
				PRODUCT_BUNDLE_IDENTIFIER = Nikita.MyPlaces;
				PRODUCT_NAME = "$(TARGET_NAME)";
				SWIFT_VERSION = 5.0;
				TARGETED_DEVICE_FAMILY = "1,2";
			};
			name = Debug;
		};
		11CE68F1268AFC0E00A59DD7 /* Release */ = {
			isa = XCBuildConfiguration;
			baseConfigurationReference = F20CBF6AF06E5E4B7D75760D /* Pods-MyPlaces.release.xcconfig */;
			buildSettings = {
				ASSETCATALOG_COMPILER_APPICON_NAME = AppIcon;
				ASSETCATALOG_COMPILER_GLOBAL_ACCENT_COLOR_NAME = AccentColor;
				CODE_SIGN_STYLE = Automatic;
				DEVELOPMENT_TEAM = Z987B24FTD;
				INFOPLIST_FILE = MyPlaces/Info.plist;
				LD_RUNPATH_SEARCH_PATHS = (
					"$(inherited)",
					"@executable_path/Frameworks",
				);
				PRODUCT_BUNDLE_IDENTIFIER = Nikita.MyPlaces;
				PRODUCT_NAME = "$(TARGET_NAME)";
				SWIFT_VERSION = 5.0;
				TARGETED_DEVICE_FAMILY = "1,2";
			};
			name = Release;
		};
/* End XCBuildConfiguration section */

/* Begin XCConfigurationList section */
		11CE68D6268AFC0D00A59DD7 /* Build configuration list for PBXProject "MyPlaces" */ = {
			isa = XCConfigurationList;
			buildConfigurations = (
				11CE68ED268AFC0E00A59DD7 /* Debug */,
				11CE68EE268AFC0E00A59DD7 /* Release */,
			);
			defaultConfigurationIsVisible = 0;
			defaultConfigurationName = Release;
		};
		11CE68EF268AFC0E00A59DD7 /* Build configuration list for PBXNativeTarget "MyPlaces" */ = {
			isa = XCConfigurationList;
			buildConfigurations = (
				11CE68F0268AFC0E00A59DD7 /* Debug */,
				11CE68F1268AFC0E00A59DD7 /* Release */,
			);
			defaultConfigurationIsVisible = 0;
			defaultConfigurationName = Release;
		};
/* End XCConfigurationList section */
	};
	rootObject = 11CE68D3268AFC0D00A59DD7 /* Project object */;
}
